{
  "version": "5",
  "specifiers": {
    "jsr:@uri/safescript@0.1.10": "0.1.10",
    "npm:zod@^3.25.42": "3.25.76"
  },
  "jsr": {
    "@uri/safescript@0.1.10": {
      "integrity": "ecdfbe32c94d47332a106c89306daa8c3252a4ec3d5408702cf78e0f1ae348de",
      "dependencies": [
        "npm:zod"
      ]
    }
  },
  "npm": {
    "zod@3.25.76": {
      "integrity": "sha512-gzUt/qt81nXsFGKIFcC3YnfEAx5NkunCfnDlvuBSSFS02bcXu4Lmea0AFIUwbLWxWPx3d9p8S5QoaujKcNQxcQ=="
    }
  },
  "workspace": {
    "dependencies": [
      "jsr:@uri/safescript@0.1.10"
    ]
  }
}
