{
  "version": "5",
  "specifiers": {
    "jsr:@uri/safescript@0.1.14": "0.1.14",
    "npm:zod@^3.25.42": "3.25.76"
  },
  "jsr": {
    "@uri/safescript@0.1.14": {
      "integrity": "74ebe10f800116b075bffc8016baf3a27e8f866214f01fb681618804754e6c45",
      "dependencies": [
        "npm:zod"
      ]
    }
  },
  "npm": {
    "zod@3.25.76": {
      "integrity": "sha512-gzUt/qt81nXsFGKIFcC3YnfEAx5NkunCfnDlvuBSSFS02bcXu4Lmea0AFIUwbLWxWPx3d9p8S5QoaujKcNQxcQ=="
    }
  },
  "workspace": {
    "dependencies": [
      "jsr:@uri/safescript@0.1.14"
    ]
  }
}
