{
  "version": "5",
  "specifiers": {
    "jsr:@hono/hono@^4.12.10": "4.12.10"
  },
  "jsr": {
    "@hono/hono@4.12.10": {
      "integrity": "6e608e50bb13fd0933e86fda95d31c1ff57d1c8774ed585d6a8b8fc1bdd82c82"
    }
  },
  "workspace": {
    "dependencies": [
      "jsr:@hono/hono@^4.12.10"
    ]
  }
}
